<Solution>
  <Folder Name="/src/">
    <Project Path="src/TaskbarBuddy.Cli/TaskbarBuddy.Cli.csproj" />
    <Project Path="src/TaskbarBuddy.Core/TaskbarBuddy.Core.csproj" />
    <Project Path="src/TaskbarBuddy.Copilot/TaskbarBuddy.Copilot.csproj" />
    <Project Path="src/TaskbarBuddy.Composition/TaskbarBuddy.Composition.csproj" />
  </Folder>
  <Folder Name="/tests/">
    <Project Path="tests/TaskbarBuddy.Core.Tests/TaskbarBuddy.Core.Tests.csproj" />
  </Folder>
</Solution>
